
Microsoft Visual Studio Solution File, Format Version 12.00
# Visual Studio 15
VisualStudioVersion = 15.0.36123.18
MinimumVisualStudioVersion = 10.0.40219.1
Project("{FAE04EC0-301F-11D3-BF4B-00C04F79EFBC}") = "Messaggistica", "ProgettoDellAnno_CesarettiYang_Messaggistica\Messaggistica.csproj", "{379CE916-9D17-4D06-A506-69ABD4A9A5E7}"
EndProject
Global
	GlobalSection(SolutionConfigurationPlatforms) = preSolution
		Debug|Any CPU = Debug|Any CPU
		Release|Any CPU = Release|Any CPU
	EndGlobalSection
	GlobalSection(ProjectConfigurationPlatforms) = postSolution
		{379CE916-9D17-4D06-A506-69ABD4A9A5E7}.Debug|Any CPU.ActiveCfg = Debug|Any CPU
		{379CE916-9D17-4D06-A506-69ABD4A9A5E7}.Debug|Any CPU.Build.0 = Debug|Any CPU
		{379CE916-9D17-4D06-A506-69ABD4A9A5E7}.Release|Any CPU.ActiveCfg = Release|Any CPU
		{379CE916-9D17-4D06-A506-69ABD4A9A5E7}.Release|Any CPU.Build.0 = Release|Any CPU
	EndGlobalSection
	GlobalSection(SolutionProperties) = preSolution
		HideSolutionNode = FALSE
	EndGlobalSection
	GlobalSection(ExtensibilityGlobals) = postSolution
		SolutionGuid = {36515ADF-CF46-46F9-9C82-F0B372E0C352}
	EndGlobalSection
EndGlobal
